
Microsoft Visual Studio Solution File, Format Version 12.00
# Visual Studio Version 17
VisualStudioVersion = 17.8.34316.72
MinimumVisualStudioVersion = 10.0.40219.1
Project("{9A19103F-16F7-4668-BE54-9A1E7A4F7556}") = "Prj_final_METEO", "Prj_final_METEO.csproj", "{E87F1BE7-923F-4E32-B34F-6771B4C4C9D4}"
EndProject
Project("{FAE04EC0-301F-11D3-BF4B-00C04F79EFBC}") = "MeteoTest", "..\MeteoTest\MeteoTest.csproj", "{82B99A33-E905-47EF-8D39-79BB3AFCFAA5}"
EndProject
Global
	GlobalSection(SolutionConfigurationPlatforms) = preSolution
		Debug|Any CPU = Debug|Any CPU
		Release|Any CPU = Release|Any CPU
	EndGlobalSection
	GlobalSection(ProjectConfigurationPlatforms) = postSolution
		{E87F1BE7-923F-4E32-B34F-6771B4C4C9D4}.Debug|Any CPU.ActiveCfg = Debug|Any CPU
		{E87F1BE7-923F-4E32-B34F-6771B4C4C9D4}.Debug|Any CPU.Build.0 = Debug|Any CPU
		{E87F1BE7-923F-4E32-B34F-6771B4C4C9D4}.Release|Any CPU.ActiveCfg = Release|Any CPU
		{E87F1BE7-923F-4E32-B34F-6771B4C4C9D4}.Release|Any CPU.Build.0 = Release|Any CPU
		{82B99A33-E905-47EF-8D39-79BB3AFCFAA5}.Debug|Any CPU.ActiveCfg = Debug|Any CPU
		{82B99A33-E905-47EF-8D39-79BB3AFCFAA5}.Debug|Any CPU.Build.0 = Debug|Any CPU
		{82B99A33-E905-47EF-8D39-79BB3AFCFAA5}.Release|Any CPU.ActiveCfg = Release|Any CPU
		{82B99A33-E905-47EF-8D39-79BB3AFCFAA5}.Release|Any CPU.Build.0 = Release|Any CPU
	EndGlobalSection
	GlobalSection(SolutionProperties) = preSolution
		HideSolutionNode = FALSE
	EndGlobalSection
	GlobalSection(ExtensibilityGlobals) = postSolution
		SolutionGuid = {4EB44B7B-8608-4DB8-8A2B-C5D7D33ECB13}
	EndGlobalSection
EndGlobal
